
Microsoft Visual Studio Solution File, Format Version 12.00
# Visual Studio Version 16
VisualStudioVersion = 16.0.29326.143
MinimumVisualStudioVersion = 10.0.40219.1
Project("{FAE04EC0-301F-11D3-BF4B-00C04F79EFBC}") = "FlowLibrary", "FlowLibrary\FlowLibrary.csproj", "{B29EB695-F590-4A8B-8FE0-BB360290A39D}"
EndProject
Project("{FAE04EC0-301F-11D3-BF4B-00C04F79EFBC}") = "MainWindow", "MainWindow\MainWindow.csproj", "{4589C205-92E6-4781-BE4E-14E9028A1DB0}"
EndProject
Global
	GlobalSection(SolutionConfigurationPlatforms) = preSolution
		Debug|Any CPU = Debug|Any CPU
		Release|Any CPU = Release|Any CPU
	EndGlobalSection
	GlobalSection(ProjectConfigurationPlatforms) = postSolution
		{B29EB695-F590-4A8B-8FE0-BB360290A39D}.Debug|Any CPU.ActiveCfg = Debug|Any CPU
		{B29EB695-F590-4A8B-8FE0-BB360290A39D}.Debug|Any CPU.Build.0 = Debug|Any CPU
		{B29EB695-F590-4A8B-8FE0-BB360290A39D}.Release|Any CPU.ActiveCfg = Release|Any CPU
		{B29EB695-F590-4A8B-8FE0-BB360290A39D}.Release|Any CPU.Build.0 = Release|Any CPU
		{4589C205-92E6-4781-BE4E-14E9028A1DB0}.Debug|Any CPU.ActiveCfg = Debug|Any CPU
		{4589C205-92E6-4781-BE4E-14E9028A1DB0}.Debug|Any CPU.Build.0 = Debug|Any CPU
		{4589C205-92E6-4781-BE4E-14E9028A1DB0}.Release|Any CPU.ActiveCfg = Release|Any CPU
		{4589C205-92E6-4781-BE4E-14E9028A1DB0}.Release|Any CPU.Build.0 = Release|Any CPU
	EndGlobalSection
	GlobalSection(SolutionProperties) = preSolution
		HideSolutionNode = FALSE
	EndGlobalSection
	GlobalSection(ExtensibilityGlobals) = postSolution
		SolutionGuid = {BB6C4C1C-2398-4E06-B2DB-876B0DFC9D40}
	EndGlobalSection
EndGlobal
